// !$*UTF8*$!
{
	archiveVersion = 1;
	classes = {
	};
	objectVersion = 46;
	objects = {

/* Begin PBXBuildFile section */
		0332E9EB1F0ED8D300DFCB6C /* AppDelegate.swift in Sources */ = {isa = PBXBuildFile; fileRef = 0332E9EA1F0ED8D300DFCB6C /* AppDelegate.swift */; };
		0332E9F01F0ED8D300DFCB6C /* Main.storyboard in Resources */ = {isa = PBXBuildFile; fileRef = 0332E9EE1F0ED8D300DFCB6C /* Main.storyboard */; };
		0332E9F21F0ED8D300DFCB6C /* Assets.xcassets in Resources */ = {isa = PBXBuildFile; fileRef = 0332E9F11F0ED8D300DFCB6C /* Assets.xcassets */; };
		0332E9F51F0ED8D300DFCB6C /* LaunchScreen.storyboard in Resources */ = {isa = PBXBuildFile; fileRef = 0332E9F31F0ED8D300DFCB6C /* LaunchScreen.storyboard */; };
		0332EA001F0ED8D300DFCB6C /* ConcreteTests.swift in Sources */ = {isa = PBXBuildFile; fileRef = 0332E9FF1F0ED8D300DFCB6C /* ConcreteTests.swift */; };
		034F7F2C1F0FE95B00AC7F08 /* HomeViewController.swift in Sources */ = {isa = PBXBuildFile; fileRef = 034F7F2B1F0FE95B00AC7F08 /* HomeViewController.swift */; };
		034F7F2E1F0FE97400AC7F08 /* PullRequestsViewController.swift in Sources */ = {isa = PBXBuildFile; fileRef = 034F7F2D1F0FE97400AC7F08 /* PullRequestsViewController.swift */; };
		034F7F531F0FEEEF00AC7F08 /* AlamofireImplementations.swift in Sources */ = {isa = PBXBuildFile; fileRef = 034F7F461F0FEEEF00AC7F08 /* AlamofireImplementations.swift */; };
		034F7F541F0FEEEF00AC7F08 /* APIHelper.swift in Sources */ = {isa = PBXBuildFile; fileRef = 034F7F471F0FEEEF00AC7F08 /* APIHelper.swift */; };
		034F7F551F0FEEEF00AC7F08 /* PullRequestsAPI.swift in Sources */ = {isa = PBXBuildFile; fileRef = 034F7F491F0FEEEF00AC7F08 /* PullRequestsAPI.swift */; };
		034F7F561F0FEEEF00AC7F08 /* SearchAPI.swift in Sources */ = {isa = PBXBuildFile; fileRef = 034F7F4A1F0FEEEF00AC7F08 /* SearchAPI.swift */; };
		034F7F571F0FEEEF00AC7F08 /* APIs.swift in Sources */ = {isa = PBXBuildFile; fileRef = 034F7F4B1F0FEEEF00AC7F08 /* APIs.swift */; };
		034F7F581F0FEEEF00AC7F08 /* Extensions.swift in Sources */ = {isa = PBXBuildFile; fileRef = 034F7F4C1F0FEEEF00AC7F08 /* Extensions.swift */; };
		034F7F591F0FEEEF00AC7F08 /* Profile.swift in Sources */ = {isa = PBXBuildFile; fileRef = 034F7F4E1F0FEEEF00AC7F08 /* Profile.swift */; };
		034F7F5A1F0FEEEF00AC7F08 /* PullRequest.swift in Sources */ = {isa = PBXBuildFile; fileRef = 034F7F4F1F0FEEEF00AC7F08 /* PullRequest.swift */; };
		034F7F5B1F0FEEEF00AC7F08 /* Repository.swift in Sources */ = {isa = PBXBuildFile; fileRef = 034F7F501F0FEEEF00AC7F08 /* Repository.swift */; };
		034F7F5C1F0FEEEF00AC7F08 /* ResultResponse.swift in Sources */ = {isa = PBXBuildFile; fileRef = 034F7F511F0FEEEF00AC7F08 /* ResultResponse.swift */; };
		034F7F5D1F0FEEEF00AC7F08 /* Models.swift in Sources */ = {isa = PBXBuildFile; fileRef = 034F7F521F0FEEEF00AC7F08 /* Models.swift */; };
		03909D461F10229900F8082C /* RepositoryTableViewCell.swift in Sources */ = {isa = PBXBuildFile; fileRef = 03909D451F10229900F8082C /* RepositoryTableViewCell.swift */; };
		03ADC70E1F10923500867EC7 /* CircleImageView.swift in Sources */ = {isa = PBXBuildFile; fileRef = 03ADC70D1F10923500867EC7 /* CircleImageView.swift */; };
		03ADC7101F1187A100867EC7 /* PullRequestTableViewCell.swift in Sources */ = {isa = PBXBuildFile; fileRef = 03ADC70F1F1187A100867EC7 /* PullRequestTableViewCell.swift */; };
		03ADC7121F118A3500867EC7 /* NavigationViewController.swift in Sources */ = {isa = PBXBuildFile; fileRef = 03ADC7111F118A3500867EC7 /* NavigationViewController.swift */; };
		03ADC7151F118C7100867EC7 /* RepositoriesBO.swift in Sources */ = {isa = PBXBuildFile; fileRef = 03ADC7141F118C7100867EC7 /* RepositoriesBO.swift */; };
		03ADC7171F118CE300867EC7 /* PullRequestsBO.swift in Sources */ = {isa = PBXBuildFile; fileRef = 03ADC7161F118CE300867EC7 /* PullRequestsBO.swift */; };
		841883BDA514C49A4C8FFAF3 /* Pods_ConcreteTests.framework in Frameworks */ = {isa = PBXBuildFile; fileRef = 196D9EF2DF632CB204831F18 /* Pods_ConcreteTests.framework */; };
		90736A493D4E941480B6A8F4 /* Pods_Concrete.framework in Frameworks */ = {isa = PBXBuildFile; fileRef = B529EA1296495723A62B917F /* Pods_Concrete.framework */; };
/* End PBXBuildFile section */

/* Begin PBXContainerItemProxy section */
		0332E9FC1F0ED8D300DFCB6C /* PBXContainerItemProxy */ = {
			isa = PBXContainerItemProxy;
			containerPortal = 0332E9DF1F0ED8D300DFCB6C /* Project object */;
			proxyType = 1;
			remoteGlobalIDString = 0332E9E61F0ED8D300DFCB6C;
			remoteInfo = Concrete;
		};
/* End PBXContainerItemProxy section */

/* Begin PBXFileReference section */
		0332E9E71F0ED8D300DFCB6C /* Concrete.app */ = {isa = PBXFileReference; explicitFileType = wrapper.application; includeInIndex = 0; path = Concrete.app; sourceTree = BUILT_PRODUCTS_DIR; };
		0332E9EA1F0ED8D300DFCB6C /* AppDelegate.swift */ = {isa = PBXFileReference; lastKnownFileType = sourcecode.swift; path = AppDelegate.swift; sourceTree = "<group>"; };
		0332E9EF1F0ED8D300DFCB6C /* Base */ = {isa = PBXFileReference; lastKnownFileType = file.storyboard; name = Base; path = Base.lproj/Main.storyboard; sourceTree = "<group>"; };
		0332E9F11F0ED8D300DFCB6C /* Assets.xcassets */ = {isa = PBXFileReference; lastKnownFileType = folder.assetcatalog; path = Assets.xcassets; sourceTree = "<group>"; };
		0332E9F41F0ED8D300DFCB6C /* Base */ = {isa = PBXFileReference; lastKnownFileType = file.storyboard; name = Base; path = Base.lproj/LaunchScreen.storyboard; sourceTree = "<group>"; };
		0332E9F61F0ED8D300DFCB6C /* Info.plist */ = {isa = PBXFileReference; lastKnownFileType = text.plist.xml; path = Info.plist; sourceTree = "<group>"; };
		0332E9FB1F0ED8D300DFCB6C /* ConcreteTests.xctest */ = {isa = PBXFileReference; explicitFileType = wrapper.cfbundle; includeInIndex = 0; path = ConcreteTests.xctest; sourceTree = BUILT_PRODUCTS_DIR; };
		0332E9FF1F0ED8D300DFCB6C /* ConcreteTests.swift */ = {isa = PBXFileReference; lastKnownFileType = sourcecode.swift; path = ConcreteTests.swift; sourceTree = "<group>"; };
		0332EA011F0ED8D300DFCB6C /* Info.plist */ = {isa = PBXFileReference; lastKnownFileType = text.plist.xml; path = Info.plist; sourceTree = "<group>"; };
		034F7F2B1F0FE95B00AC7F08 /* HomeViewController.swift */ = {isa = PBXFileReference; fileEncoding = 4; lastKnownFileType = sourcecode.swift; name = HomeViewController.swift; path = Controllers/HomeViewController.swift; sourceTree = "<group>"; };
		034F7F2D1F0FE97400AC7F08 /* PullRequestsViewController.swift */ = {isa = PBXFileReference; fileEncoding = 4; lastKnownFileType = sourcecode.swift; name = PullRequestsViewController.swift; path = Controllers/PullRequestsViewController.swift; sourceTree = "<group>"; };
		034F7F461F0FEEEF00AC7F08 /* AlamofireImplementations.swift */ = {isa = PBXFileReference; fileEncoding = 4; lastKnownFileType = sourcecode.swift; name = AlamofireImplementations.swift; path = Providers/AlamofireImplementations.swift; sourceTree = "<group>"; };
		034F7F471F0FEEEF00AC7F08 /* APIHelper.swift */ = {isa = PBXFileReference; fileEncoding = 4; lastKnownFileType = sourcecode.swift; name = APIHelper.swift; path = Providers/APIHelper.swift; sourceTree = "<group>"; };
		034F7F491F0FEEEF00AC7F08 /* PullRequestsAPI.swift */ = {isa = PBXFileReference; fileEncoding = 4; lastKnownFileType = sourcecode.swift; path = PullRequestsAPI.swift; sourceTree = "<group>"; };
		034F7F4A1F0FEEEF00AC7F08 /* SearchAPI.swift */ = {isa = PBXFileReference; fileEncoding = 4; lastKnownFileType = sourcecode.swift; path = SearchAPI.swift; sourceTree = "<group>"; };
		034F7F4B1F0FEEEF00AC7F08 /* APIs.swift */ = {isa = PBXFileReference; fileEncoding = 4; lastKnownFileType = sourcecode.swift; name = APIs.swift; path = Providers/APIs.swift; sourceTree = "<group>"; };
		034F7F4C1F0FEEEF00AC7F08 /* Extensions.swift */ = {isa = PBXFileReference; fileEncoding = 4; lastKnownFileType = sourcecode.swift; name = Extensions.swift; path = Providers/Extensions.swift; sourceTree = "<group>"; };
		034F7F4E1F0FEEEF00AC7F08 /* Profile.swift */ = {isa = PBXFileReference; fileEncoding = 4; lastKnownFileType = sourcecode.swift; path = Profile.swift; sourceTree = "<group>"; };
		034F7F4F1F0FEEEF00AC7F08 /* PullRequest.swift */ = {isa = PBXFileReference; fileEncoding = 4; lastKnownFileType = sourcecode.swift; path = PullRequest.swift; sourceTree = "<group>"; };
		034F7F501F0FEEEF00AC7F08 /* Repository.swift */ = {isa = PBXFileReference; fileEncoding = 4; lastKnownFileType = sourcecode.swift; path = Repository.swift; sourceTree = "<group>"; };
		034F7F511F0FEEEF00AC7F08 /* ResultResponse.swift */ = {isa = PBXFileReference; fileEncoding = 4; lastKnownFileType = sourcecode.swift; path = ResultResponse.swift; sourceTree = "<group>"; };
		034F7F521F0FEEEF00AC7F08 /* Models.swift */ = {isa = PBXFileReference; fileEncoding = 4; lastKnownFileType = sourcecode.swift; name = Models.swift; path = Providers/Models.swift; sourceTree = "<group>"; };
		03909D451F10229900F8082C /* RepositoryTableViewCell.swift */ = {isa = PBXFileReference; fileEncoding = 4; lastKnownFileType = sourcecode.swift; name = RepositoryTableViewCell.swift; path = Cells/RepositoryTableViewCell.swift; sourceTree = "<group>"; };
		03ADC70D1F10923500867EC7 /* CircleImageView.swift */ = {isa = PBXFileReference; fileEncoding = 4; lastKnownFileType = sourcecode.swift; name = CircleImageView.swift; path = Elements/CircleImageView.swift; sourceTree = "<group>"; };
		03ADC70F1F1187A100867EC7 /* PullRequestTableViewCell.swift */ = {isa = PBXFileReference; fileEncoding = 4; lastKnownFileType = sourcecode.swift; name = PullRequestTableViewCell.swift; path = Cells/PullRequestTableViewCell.swift; sourceTree = "<group>"; };
		03ADC7111F118A3500867EC7 /* NavigationViewController.swift */ = {isa = PBXFileReference; fileEncoding = 4; lastKnownFileType = sourcecode.swift; name = NavigationViewController.swift; path = Controllers/NavigationViewController.swift; sourceTree = "<group>"; };
		03ADC7141F118C7100867EC7 /* RepositoriesBO.swift */ = {isa = PBXFileReference; fileEncoding = 4; lastKnownFileType = sourcecode.swift; name = RepositoriesBO.swift; path = Bussines/RepositoriesBO.swift; sourceTree = "<group>"; };
		03ADC7161F118CE300867EC7 /* PullRequestsBO.swift */ = {isa = PBXFileReference; fileEncoding = 4; lastKnownFileType = sourcecode.swift; name = PullRequestsBO.swift; path = Bussines/PullRequestsBO.swift; sourceTree = "<group>"; };
		196D9EF2DF632CB204831F18 /* Pods_ConcreteTests.framework */ = {isa = PBXFileReference; explicitFileType = wrapper.framework; includeInIndex = 0; path = Pods_ConcreteTests.framework; sourceTree = BUILT_PRODUCTS_DIR; };
		76A8406A45A1E364D4F581F2 /* Pods-Concrete.release.xcconfig */ = {isa = PBXFileReference; includeInIndex = 1; lastKnownFileType = text.xcconfig; name = "Pods-Concrete.release.xcconfig"; path = "Pods/Target Support Files/Pods-Concrete/Pods-Concrete.release.xcconfig"; sourceTree = "<group>"; };
		B529EA1296495723A62B917F /* Pods_Concrete.framework */ = {isa = PBXFileReference; explicitFileType = wrapper.framework; includeInIndex = 0; path = Pods_Concrete.framework; sourceTree = BUILT_PRODUCTS_DIR; };
		BAB96C1218F2E2E0FF64EE7C /* Pods-ConcreteTests.release.xcconfig */ = {isa = PBXFileReference; includeInIndex = 1; lastKnownFileType = text.xcconfig; name = "Pods-ConcreteTests.release.xcconfig"; path = "Pods/Target Support Files/Pods-ConcreteTests/Pods-ConcreteTests.release.xcconfig"; sourceTree = "<group>"; };
		C17B7F23ECB6868A9A4C5452 /* Pods-ConcreteTests.debug.xcconfig */ = {isa = PBXFileReference; includeInIndex = 1; lastKnownFileType = text.xcconfig; name = "Pods-ConcreteTests.debug.xcconfig"; path = "Pods/Target Support Files/Pods-ConcreteTests/Pods-ConcreteTests.debug.xcconfig"; sourceTree = "<group>"; };
		CA227C12BFD8210CDEFE7B6A /* Pods-Concrete.debug.xcconfig */ = {isa = PBXFileReference; includeInIndex = 1; lastKnownFileType = text.xcconfig; name = "Pods-Concrete.debug.xcconfig"; path = "Pods/Target Support Files/Pods-Concrete/Pods-Concrete.debug.xcconfig"; sourceTree = "<group>"; };
/* End PBXFileReference section */

/* Begin PBXFrameworksBuildPhase section */
		0332E9E41F0ED8D300DFCB6C /* Frameworks */ = {
			isa = PBXFrameworksBuildPhase;
			buildActionMask = 2147483647;
			files = (
				90736A493D4E941480B6A8F4 /* Pods_Concrete.framework in Frameworks */,
			);
			runOnlyForDeploymentPostprocessing = 0;
		};
		0332E9F81F0ED8D300DFCB6C /* Frameworks */ = {
			isa = PBXFrameworksBuildPhase;
			buildActionMask = 2147483647;
			files = (
				841883BDA514C49A4C8FFAF3 /* Pods_ConcreteTests.framework in Frameworks */,
			);
			runOnlyForDeploymentPostprocessing = 0;
		};
/* End PBXFrameworksBuildPhase section */

/* Begin PBXGroup section */
		0332E9DE1F0ED8D300DFCB6C = {
			isa = PBXGroup;
			children = (
				0332E9E91F0ED8D300DFCB6C /* Concrete */,
				0332E9FE1F0ED8D300DFCB6C /* ConcreteTests */,
				0332E9E81F0ED8D300DFCB6C /* Products */,
				FC684A2857F559504625735E /* Pods */,
				676AF0013D4AC9DA0FF64EBC /* Frameworks */,
			);
			sourceTree = "<group>";
		};
		0332E9E81F0ED8D300DFCB6C /* Products */ = {
			isa = PBXGroup;
			children = (
				0332E9E71F0ED8D300DFCB6C /* Concrete.app */,
				0332E9FB1F0ED8D300DFCB6C /* ConcreteTests.xctest */,
			);
			name = Products;
			sourceTree = "<group>";
		};
		0332E9E91F0ED8D300DFCB6C /* Concrete */ = {
			isa = PBXGroup;
			children = (
				03ADC7131F118C3200867EC7 /* Bussines */,
				03ADC70C1F1091EB00867EC7 /* Elements */,
				03909D421F10224C00F8082C /* Cells */,
				034F7F2F1F0FE9DC00AC7F08 /* Providers */,
				034F7F2A1F0FE93E00AC7F08 /* Controllers */,
				0332E9EA1F0ED8D300DFCB6C /* AppDelegate.swift */,
				0332E9EE1F0ED8D300DFCB6C /* Main.storyboard */,
				0332E9F11F0ED8D300DFCB6C /* Assets.xcassets */,
				0332E9F31F0ED8D300DFCB6C /* LaunchScreen.storyboard */,
				0332E9F61F0ED8D300DFCB6C /* Info.plist */,
			);
			path = Concrete;
			sourceTree = "<group>";
		};
		0332E9FE1F0ED8D300DFCB6C /* ConcreteTests */ = {
			isa = PBXGroup;
			children = (
				0332E9FF1F0ED8D300DFCB6C /* ConcreteTests.swift */,
				0332EA011F0ED8D300DFCB6C /* Info.plist */,
			);
			path = ConcreteTests;
			sourceTree = "<group>";
		};
		034F7F2A1F0FE93E00AC7F08 /* Controllers */ = {
			isa = PBXGroup;
			children = (
				034F7F2B1F0FE95B00AC7F08 /* HomeViewController.swift */,
				034F7F2D1F0FE97400AC7F08 /* PullRequestsViewController.swift */,
				03ADC7111F118A3500867EC7 /* NavigationViewController.swift */,
			);
			name = Controllers;
			sourceTree = "<group>";
		};
		034F7F2F1F0FE9DC00AC7F08 /* Providers */ = {
			isa = PBXGroup;
			children = (
				034F7F481F0FEEEF00AC7F08 /* APIs */,
				034F7F4D1F0FEEEF00AC7F08 /* Models */,
				034F7F461F0FEEEF00AC7F08 /* AlamofireImplementations.swift */,
				034F7F471F0FEEEF00AC7F08 /* APIHelper.swift */,
				034F7F4B1F0FEEEF00AC7F08 /* APIs.swift */,
				034F7F4C1F0FEEEF00AC7F08 /* Extensions.swift */,
				034F7F521F0FEEEF00AC7F08 /* Models.swift */,
			);
			name = Providers;
			sourceTree = "<group>";
		};
		034F7F481F0FEEEF00AC7F08 /* APIs */ = {
			isa = PBXGroup;
			children = (
				034F7F491F0FEEEF00AC7F08 /* PullRequestsAPI.swift */,
				034F7F4A1F0FEEEF00AC7F08 /* SearchAPI.swift */,
			);
			name = APIs;
			path = Providers/APIs;
			sourceTree = "<group>";
		};
		034F7F4D1F0FEEEF00AC7F08 /* Models */ = {
			isa = PBXGroup;
			children = (
				034F7F4E1F0FEEEF00AC7F08 /* Profile.swift */,
				034F7F4F1F0FEEEF00AC7F08 /* PullRequest.swift */,
				034F7F501F0FEEEF00AC7F08 /* Repository.swift */,
				034F7F511F0FEEEF00AC7F08 /* ResultResponse.swift */,
			);
			name = Models;
			path = Providers/Models;
			sourceTree = "<group>";
		};
		03909D421F10224C00F8082C /* Cells */ = {
			isa = PBXGroup;
			children = (
				03909D451F10229900F8082C /* RepositoryTableViewCell.swift */,
				03ADC70F1F1187A100867EC7 /* PullRequestTableViewCell.swift */,
			);
			name = Cells;
			sourceTree = "<group>";
		};
		03ADC70C1F1091EB00867EC7 /* Elements */ = {
			isa = PBXGroup;
			children = (
				03ADC70D1F10923500867EC7 /* CircleImageView.swift */,
			);
			name = Elements;
			sourceTree = "<group>";
		};
		03ADC7131F118C3200867EC7 /* Bussines */ = {
			isa = PBXGroup;
			children = (
				03ADC7141F118C7100867EC7 /* RepositoriesBO.swift */,
				03ADC7161F118CE300867EC7 /* PullRequestsBO.swift */,
			);
			name = Bussines;
			sourceTree = "<group>";
		};
		676AF0013D4AC9DA0FF64EBC /* Frameworks */ = {
			isa = PBXGroup;
			children = (
				B529EA1296495723A62B917F /* Pods_Concrete.framework */,
				196D9EF2DF632CB204831F18 /* Pods_ConcreteTests.framework */,
			);
			name = Frameworks;
			sourceTree = "<group>";
		};
		FC684A2857F559504625735E /* Pods */ = {
			isa = PBXGroup;
			children = (
				CA227C12BFD8210CDEFE7B6A /* Pods-Concrete.debug.xcconfig */,
				76A8406A45A1E364D4F581F2 /* Pods-Concrete.release.xcconfig */,
				C17B7F23ECB6868A9A4C5452 /* Pods-ConcreteTests.debug.xcconfig */,
				BAB96C1218F2E2E0FF64EE7C /* Pods-ConcreteTests.release.xcconfig */,
			);
			name = Pods;
			sourceTree = "<group>";
		};
/* End PBXGroup section */

/* Begin PBXNativeTarget section */
		0332E9E61F0ED8D300DFCB6C /* Concrete */ = {
			isa = PBXNativeTarget;
			buildConfigurationList = 0332EA041F0ED8D300DFCB6C /* Build configuration list for PBXNativeTarget "Concrete" */;
			buildPhases = (
				0C87159623F8ABFC550A20DB /* [CP] Check Pods Manifest.lock */,
				0332E9E31F0ED8D300DFCB6C /* Sources */,
				0332E9E41F0ED8D300DFCB6C /* Frameworks */,
				0332E9E51F0ED8D300DFCB6C /* Resources */,
				137882B03ABA4296D092EDC3 /* [CP] Embed Pods Frameworks */,
				4F03C07BC05E019C862B8065 /* [CP] Copy Pods Resources */,
			);
			buildRules = (
			);
			dependencies = (
			);
			name = Concrete;
			productName = Concrete;
			productReference = 0332E9E71F0ED8D300DFCB6C /* Concrete.app */;
			productType = "com.apple.product-type.application";
		};
		0332E9FA1F0ED8D300DFCB6C /* ConcreteTests */ = {
			isa = PBXNativeTarget;
			buildConfigurationList = 0332EA071F0ED8D300DFCB6C /* Build configuration list for PBXNativeTarget "ConcreteTests" */;
			buildPhases = (
				0B60D432C8D00B726FC861AD /* [CP] Check Pods Manifest.lock */,
				0332E9F71F0ED8D300DFCB6C /* Sources */,
				0332E9F81F0ED8D300DFCB6C /* Frameworks */,
				0332E9F91F0ED8D300DFCB6C /* Resources */,
				CE5D373D200F4920210F4106 /* [CP] Embed Pods Frameworks */,
				FB7DFB68256DD4F9ACAFD3C7 /* [CP] Copy Pods Resources */,
			);
			buildRules = (
			);
			dependencies = (
				0332E9FD1F0ED8D300DFCB6C /* PBXTargetDependency */,
			);
			name = ConcreteTests;
			productName = ConcreteTests;
			productReference = 0332E9FB1F0ED8D300DFCB6C /* ConcreteTests.xctest */;
			productType = "com.apple.product-type.bundle.unit-test";
		};
/* End PBXNativeTarget section */

/* Begin PBXProject section */
		0332E9DF1F0ED8D300DFCB6C /* Project object */ = {
			isa = PBXProject;
			attributes = {
				LastSwiftUpdateCheck = 0830;
				LastUpgradeCheck = 0830;
				ORGANIZATIONNAME = "Rodrigo Dias";
				TargetAttributes = {
					0332E9E61F0ED8D300DFCB6C = {
						CreatedOnToolsVersion = 8.3.3;
						DevelopmentTeam = 2Z469Q4BRB;
						ProvisioningStyle = Automatic;
					};
					0332E9FA1F0ED8D300DFCB6C = {
						CreatedOnToolsVersion = 8.3.3;
						DevelopmentTeam = 2Z469Q4BRB;
						ProvisioningStyle = Automatic;
						TestTargetID = 0332E9E61F0ED8D300DFCB6C;
					};
				};
			};
			buildConfigurationList = 0332E9E21F0ED8D300DFCB6C /* Build configuration list for PBXProject "Concrete" */;
			compatibilityVersion = "Xcode 3.2";
			developmentRegion = English;
			hasScannedForEncodings = 0;
			knownRegions = (
				en,
				Base,
			);
			mainGroup = 0332E9DE1F0ED8D300DFCB6C;
			productRefGroup = 0332E9E81F0ED8D300DFCB6C /* Products */;
			projectDirPath = "";
			projectRoot = "";
			targets = (
				0332E9E61F0ED8D300DFCB6C /* Concrete */,
				0332E9FA1F0ED8D300DFCB6C /* ConcreteTests */,
			);
		};
/* End PBXProject section */

/* Begin PBXResourcesBuildPhase section */
		0332E9E51F0ED8D300DFCB6C /* Resources */ = {
			isa = PBXResourcesBuildPhase;
			buildActionMask = 2147483647;
			files = (
				0332E9F51F0ED8D300DFCB6C /* LaunchScreen.storyboard in Resources */,
				0332E9F21F0ED8D300DFCB6C /* Assets.xcassets in Resources */,
				0332E9F01F0ED8D300DFCB6C /* Main.storyboard in Resources */,
			);
			runOnlyForDeploymentPostprocessing = 0;
		};
		0332E9F91F0ED8D300DFCB6C /* Resources */ = {
			isa = PBXResourcesBuildPhase;
			buildActionMask = 2147483647;
			files = (
			);
			runOnlyForDeploymentPostprocessing = 0;
		};
/* End PBXResourcesBuildPhase section */

/* Begin PBXShellScriptBuildPhase section */
		0B60D432C8D00B726FC861AD /* [CP] Check Pods Manifest.lock */ = {
			isa = PBXShellScriptBuildPhase;
			buildActionMask = 2147483647;
			files = (
			);
			inputPaths = (
			);
			name = "[CP] Check Pods Manifest.lock";
			outputPaths = (
			);
			runOnlyForDeploymentPostprocessing = 0;
			shellPath = /bin/sh;
			shellScript = "diff \"${PODS_PODFILE_DIR_PATH}/Podfile.lock\" \"${PODS_ROOT}/Manifest.lock\" > /dev/null\nif [ $? != 0 ] ; then\n    # print error to STDERR\n    echo \"error: The sandbox is not in sync with the Podfile.lock. Run 'pod install' or update your CocoaPods installation.\" >&2\n    exit 1\nfi\n";
			showEnvVarsInLog = 0;
		};
		0C87159623F8ABFC550A20DB /* [CP] Check Pods Manifest.lock */ = {
			isa = PBXShellScriptBuildPhase;
			buildActionMask = 2147483647;
			files = (
			);
			inputPaths = (
			);
			name = "[CP] Check Pods Manifest.lock";
			outputPaths = (
			);
			runOnlyForDeploymentPostprocessing = 0;
			shellPath = /bin/sh;
			shellScript = "diff \"${PODS_PODFILE_DIR_PATH}/Podfile.lock\" \"${PODS_ROOT}/Manifest.lock\" > /dev/null\nif [ $? != 0 ] ; then\n    # print error to STDERR\n    echo \"error: The sandbox is not in sync with the Podfile.lock. Run 'pod install' or update your CocoaPods installation.\" >&2\n    exit 1\nfi\n";
			showEnvVarsInLog = 0;
		};
		137882B03ABA4296D092EDC3 /* [CP] Embed Pods Frameworks */ = {
			isa = PBXShellScriptBuildPhase;
			buildActionMask = 2147483647;
			files = (
			);
			inputPaths = (
			);
			name = "[CP] Embed Pods Frameworks";
			outputPaths = (
			);
			runOnlyForDeploymentPostprocessing = 0;
			shellPath = /bin/sh;
			shellScript = "\"${SRCROOT}/Pods/Target Support Files/Pods-Concrete/Pods-Concrete-frameworks.sh\"\n";
			showEnvVarsInLog = 0;
		};
		4F03C07BC05E019C862B8065 /* [CP] Copy Pods Resources */ = {
			isa = PBXShellScriptBuildPhase;
			buildActionMask = 2147483647;
			files = (
			);
			inputPaths = (
			);
			name = "[CP] Copy Pods Resources";
			outputPaths = (
			);
			runOnlyForDeploymentPostprocessing = 0;
			shellPath = /bin/sh;
			shellScript = "\"${SRCROOT}/Pods/Target Support Files/Pods-Concrete/Pods-Concrete-resources.sh\"\n";
			showEnvVarsInLog = 0;
		};
		CE5D373D200F4920210F4106 /* [CP] Embed Pods Frameworks */ = {
			isa = PBXShellScriptBuildPhase;
			buildActionMask = 2147483647;
			files = (
			);
			inputPaths = (
			);
			name = "[CP] Embed Pods Frameworks";
			outputPaths = (
			);
			runOnlyForDeploymentPostprocessing = 0;
			shellPath = /bin/sh;
			shellScript = "\"${SRCROOT}/Pods/Target Support Files/Pods-ConcreteTests/Pods-ConcreteTests-frameworks.sh\"\n";
			showEnvVarsInLog = 0;
		};
		FB7DFB68256DD4F9ACAFD3C7 /* [CP] Copy Pods Resources */ = {
			isa = PBXShellScriptBuildPhase;
			buildActionMask = 2147483647;
			files = (
			);
			inputPaths = (
			);
			name = "[CP] Copy Pods Resources";
			outputPaths = (
			);
			runOnlyForDeploymentPostprocessing = 0;
			shellPath = /bin/sh;
			shellScript = "\"${SRCROOT}/Pods/Target Support Files/Pods-ConcreteTests/Pods-ConcreteTests-resources.sh\"\n";
			showEnvVarsInLog = 0;
		};
/* End PBXShellScriptBuildPhase section */

/* Begin PBXSourcesBuildPhase section */
		0332E9E31F0ED8D300DFCB6C /* Sources */ = {
			isa = PBXSourcesBuildPhase;
			buildActionMask = 2147483647;
			files = (
				03ADC70E1F10923500867EC7 /* CircleImageView.swift in Sources */,
				034F7F2E1F0FE97400AC7F08 /* PullRequestsViewController.swift in Sources */,
				034F7F591F0FEEEF00AC7F08 /* Profile.swift in Sources */,
				034F7F581F0FEEEF00AC7F08 /* Extensions.swift in Sources */,
				03909D461F10229900F8082C /* RepositoryTableViewCell.swift in Sources */,
				034F7F561F0FEEEF00AC7F08 /* SearchAPI.swift in Sources */,
				034F7F571F0FEEEF00AC7F08 /* APIs.swift in Sources */,
				0332E9EB1F0ED8D300DFCB6C /* AppDelegate.swift in Sources */,
				034F7F5A1F0FEEEF00AC7F08 /* PullRequest.swift in Sources */,
				034F7F5C1F0FEEEF00AC7F08 /* ResultResponse.swift in Sources */,
				034F7F531F0FEEEF00AC7F08 /* AlamofireImplementations.swift in Sources */,
				034F7F551F0FEEEF00AC7F08 /* PullRequestsAPI.swift in Sources */,
				03ADC7121F118A3500867EC7 /* NavigationViewController.swift in Sources */,
				034F7F541F0FEEEF00AC7F08 /* APIHelper.swift in Sources */,
				034F7F2C1F0FE95B00AC7F08 /* HomeViewController.swift in Sources */,
				03ADC7101F1187A100867EC7 /* PullRequestTableViewCell.swift in Sources */,
				034F7F5B1F0FEEEF00AC7F08 /* Repository.swift in Sources */,
				03ADC7171F118CE300867EC7 /* PullRequestsBO.swift in Sources */,
				034F7F5D1F0FEEEF00AC7F08 /* Models.swift in Sources */,
				03ADC7151F118C7100867EC7 /* RepositoriesBO.swift in Sources */,
			);
			runOnlyForDeploymentPostprocessing = 0;
		};
		0332E9F71F0ED8D300DFCB6C /* Sources */ = {
			isa = PBXSourcesBuildPhase;
			buildActionMask = 2147483647;
			files = (
				0332EA001F0ED8D300DFCB6C /* ConcreteTests.swift in Sources */,
			);
			runOnlyForDeploymentPostprocessing = 0;
		};
/* End PBXSourcesBuildPhase section */

/* Begin PBXTargetDependency section */
		0332E9FD1F0ED8D300DFCB6C /* PBXTargetDependency */ = {
			isa = PBXTargetDependency;
			target = 0332E9E61F0ED8D300DFCB6C /* Concrete */;
			targetProxy = 0332E9FC1F0ED8D300DFCB6C /* PBXContainerItemProxy */;
		};
/* End PBXTargetDependency section */

/* Begin PBXVariantGroup section */
		0332E9EE1F0ED8D300DFCB6C /* Main.storyboard */ = {
			isa = PBXVariantGroup;
			children = (
				0332E9EF1F0ED8D300DFCB6C /* Base */,
			);
			name = Main.storyboard;
			sourceTree = "<group>";
		};
		0332E9F31F0ED8D300DFCB6C /* LaunchScreen.storyboard */ = {
			isa = PBXVariantGroup;
			children = (
				0332E9F41F0ED8D300DFCB6C /* Base */,
			);
			name = LaunchScreen.storyboard;
			sourceTree = "<group>";
		};
/* End PBXVariantGroup section */

/* Begin XCBuildConfiguration section */
		0332EA021F0ED8D300DFCB6C /* Debug */ = {
			isa = XCBuildConfiguration;
			buildSettings = {
				ALWAYS_SEARCH_USER_PATHS = NO;
				CLANG_ANALYZER_NONNULL = YES;
				CLANG_ANALYZER_NUMBER_OBJECT_CONVERSION = YES_AGGRESSIVE;
				CLANG_CXX_LANGUAGE_STANDARD = "gnu++0x";
				CLANG_CXX_LIBRARY = "libc++";
				CLANG_ENABLE_MODULES = YES;
				CLANG_ENABLE_OBJC_ARC = YES;
				CLANG_WARN_BOOL_CONVERSION = YES;
				CLANG_WARN_CONSTANT_CONVERSION = YES;
				CLANG_WARN_DIRECT_OBJC_ISA_USAGE = YES_ERROR;
				CLANG_WARN_DOCUMENTATION_COMMENTS = YES;
				CLANG_WARN_EMPTY_BODY = YES;
				CLANG_WARN_ENUM_CONVERSION = YES;
				CLANG_WARN_INFINITE_RECURSION = YES;
				CLANG_WARN_INT_CONVERSION = YES;
				CLANG_WARN_OBJC_ROOT_CLASS = YES_ERROR;
				CLANG_WARN_SUSPICIOUS_MOVE = YES;
				CLANG_WARN_UNREACHABLE_CODE = YES;
				CLANG_WARN__DUPLICATE_METHOD_MATCH = YES;
				"CODE_SIGN_IDENTITY[sdk=iphoneos*]" = "iPhone Developer";
				COPY_PHASE_STRIP = NO;
				DEBUG_INFORMATION_FORMAT = dwarf;
				ENABLE_STRICT_OBJC_MSGSEND = YES;
				ENABLE_TESTABILITY = YES;
				GCC_C_LANGUAGE_STANDARD = gnu99;
				GCC_DYNAMIC_NO_PIC = NO;
				GCC_NO_COMMON_BLOCKS = YES;
				GCC_OPTIMIZATION_LEVEL = 0;
				GCC_PREPROCESSOR_DEFINITIONS = (
					"DEBUG=1",
					"$(inherited)",
				);
				GCC_WARN_64_TO_32_BIT_CONVERSION = YES;
				GCC_WARN_ABOUT_RETURN_TYPE = YES_ERROR;
				GCC_WARN_UNDECLARED_SELECTOR = YES;
				GCC_WARN_UNINITIALIZED_AUTOS = YES_AGGRESSIVE;
				GCC_WARN_UNUSED_FUNCTION = YES;
				GCC_WARN_UNUSED_VARIABLE = YES;
				IPHONEOS_DEPLOYMENT_TARGET = 10.3;
				MTL_ENABLE_DEBUG_INFO = YES;
				ONLY_ACTIVE_ARCH = YES;
				SDKROOT = iphoneos;
				SWIFT_ACTIVE_COMPILATION_CONDITIONS = DEBUG;
				SWIFT_OPTIMIZATION_LEVEL = "-Onone";
				TARGETED_DEVICE_FAMILY = "1,2";
			};
			name = Debug;
		};
		0332EA031F0ED8D300DFCB6C /* Release */ = {
			isa = XCBuildConfiguration;
			buildSettings = {
				ALWAYS_SEARCH_USER_PATHS = NO;
				CLANG_ANALYZER_NONNULL = YES;
				CLANG_ANALYZER_NUMBER_OBJECT_CONVERSION = YES_AGGRESSIVE;
				CLANG_CXX_LANGUAGE_STANDARD = "gnu++0x";
				CLANG_CXX_LIBRARY = "libc++";
				CLANG_ENABLE_MODULES = YES;
				CLANG_ENABLE_OBJC_ARC = YES;
				CLANG_WARN_BOOL_CONVERSION = YES;
				CLANG_WARN_CONSTANT_CONVERSION = YES;
				CLANG_WARN_DIRECT_OBJC_ISA_USAGE = YES_ERROR;
				CLANG_WARN_DOCUMENTATION_COMMENTS = YES;
				CLANG_WARN_EMPTY_BODY = YES;
				CLANG_WARN_ENUM_CONVERSION = YES;
				CLANG_WARN_INFINITE_RECURSION = YES;
				CLANG_WARN_INT_CONVERSION = YES;
				CLANG_WARN_OBJC_ROOT_CLASS = YES_ERROR;
				CLANG_WARN_SUSPICIOUS_MOVE = YES;
				CLANG_WARN_UNREACHABLE_CODE = YES;
				CLANG_WARN__DUPLICATE_METHOD_MATCH = YES;
				"CODE_SIGN_IDENTITY[sdk=iphoneos*]" = "iPhone Developer";
				COPY_PHASE_STRIP = NO;
				DEBUG_INFORMATION_FORMAT = "dwarf-with-dsym";
				ENABLE_NS_ASSERTIONS = NO;
				ENABLE_STRICT_OBJC_MSGSEND = YES;
				GCC_C_LANGUAGE_STANDARD = gnu99;
				GCC_NO_COMMON_BLOCKS = YES;
				GCC_WARN_64_TO_32_BIT_CONVERSION = YES;
				GCC_WARN_ABOUT_RETURN_TYPE = YES_ERROR;
				GCC_WARN_UNDECLARED_SELECTOR = YES;
				GCC_WARN_UNINITIALIZED_AUTOS = YES_AGGRESSIVE;
				GCC_WARN_UNUSED_FUNCTION = YES;
				GCC_WARN_UNUSED_VARIABLE = YES;
				IPHONEOS_DEPLOYMENT_TARGET = 10.3;
				MTL_ENABLE_DEBUG_INFO = NO;
				SDKROOT = iphoneos;
				SWIFT_OPTIMIZATION_LEVEL = "-Owholemodule";
				TARGETED_DEVICE_FAMILY = "1,2";
				VALIDATE_PRODUCT = YES;
			};
			name = Release;
		};
		0332EA051F0ED8D300DFCB6C /* Debug */ = {
			isa = XCBuildConfiguration;
			baseConfigurationReference = CA227C12BFD8210CDEFE7B6A /* Pods-Concrete.debug.xcconfig */;
			buildSettings = {
				ASSETCATALOG_COMPILER_APPICON_NAME = AppIcon;
				DEVELOPMENT_TEAM = 2Z469Q4BRB;
				INFOPLIST_FILE = Concrete/Info.plist;
				IPHONEOS_DEPLOYMENT_TARGET = 8.0;
				LD_RUNPATH_SEARCH_PATHS = "$(inherited) @executable_path/Frameworks";
				PRODUCT_BUNDLE_IDENTIFIER = br.com.rodrigodias.Concrete;
				PRODUCT_NAME = "$(TARGET_NAME)";
				SWIFT_VERSION = 3.0;
			};
			name = Debug;
		};
		0332EA061F0ED8D300DFCB6C /* Release */ = {
			isa = XCBuildConfiguration;
			baseConfigurationReference = 76A8406A45A1E364D4F581F2 /* Pods-Concrete.release.xcconfig */;
			buildSettings = {
				ASSETCATALOG_COMPILER_APPICON_NAME = AppIcon;
				DEVELOPMENT_TEAM = 2Z469Q4BRB;
				INFOPLIST_FILE = Concrete/Info.plist;
				IPHONEOS_DEPLOYMENT_TARGET = 8.0;
				LD_RUNPATH_SEARCH_PATHS = "$(inherited) @executable_path/Frameworks";
				PRODUCT_BUNDLE_IDENTIFIER = br.com.rodrigodias.Concrete;
				PRODUCT_NAME = "$(TARGET_NAME)";
				SWIFT_VERSION = 3.0;
			};
			name = Release;
		};
		0332EA081F0ED8D300DFCB6C /* Debug */ = {
			isa = XCBuildConfiguration;
			baseConfigurationReference = C17B7F23ECB6868A9A4C5452 /* Pods-ConcreteTests.debug.xcconfig */;
			buildSettings = {
				ALWAYS_EMBED_SWIFT_STANDARD_LIBRARIES = YES;
				BUNDLE_LOADER = "$(TEST_HOST)";
				DEVELOPMENT_TEAM = 2Z469Q4BRB;
				INFOPLIST_FILE = ConcreteTests/Info.plist;
				LD_RUNPATH_SEARCH_PATHS = "$(inherited) @executable_path/Frameworks @loader_path/Frameworks";
				PRODUCT_BUNDLE_IDENTIFIER = br.com.rodrigodias.ConcreteTests;
				PRODUCT_NAME = "$(TARGET_NAME)";
				SWIFT_VERSION = 3.0;
				TEST_HOST = "$(BUILT_PRODUCTS_DIR)/Concrete.app/Concrete";
			};
			name = Debug;
		};
		0332EA091F0ED8D300DFCB6C /* Release */ = {
			isa = XCBuildConfiguration;
			baseConfigurationReference = BAB96C1218F2E2E0FF64EE7C /* Pods-ConcreteTests.release.xcconfig */;
			buildSettings = {
				ALWAYS_EMBED_SWIFT_STANDARD_LIBRARIES = YES;
				BUNDLE_LOADER = "$(TEST_HOST)";
				DEVELOPMENT_TEAM = 2Z469Q4BRB;
				INFOPLIST_FILE = ConcreteTests/Info.plist;
				LD_RUNPATH_SEARCH_PATHS = "$(inherited) @executable_path/Frameworks @loader_path/Frameworks";
				PRODUCT_BUNDLE_IDENTIFIER = br.com.rodrigodias.ConcreteTests;
				PRODUCT_NAME = "$(TARGET_NAME)";
				SWIFT_VERSION = 3.0;
				TEST_HOST = "$(BUILT_PRODUCTS_DIR)/Concrete.app/Concrete";
			};
			name = Release;
		};
/* End XCBuildConfiguration section */

/* Begin XCConfigurationList section */
		0332E9E21F0ED8D300DFCB6C /* Build configuration list for PBXProject "Concrete" */ = {
			isa = XCConfigurationList;
			buildConfigurations = (
				0332EA021F0ED8D300DFCB6C /* Debug */,
				0332EA031F0ED8D300DFCB6C /* Release */,
			);
			defaultConfigurationIsVisible = 0;
			defaultConfigurationName = Release;
		};
		0332EA041F0ED8D300DFCB6C /* Build configuration list for PBXNativeTarget "Concrete" */ = {
			isa = XCConfigurationList;
			buildConfigurations = (
				0332EA051F0ED8D300DFCB6C /* Debug */,
				0332EA061F0ED8D300DFCB6C /* Release */,
			);
			defaultConfigurationIsVisible = 0;
			defaultConfigurationName = Release;
		};
		0332EA071F0ED8D300DFCB6C /* Build configuration list for PBXNativeTarget "ConcreteTests" */ = {
			isa = XCConfigurationList;
			buildConfigurations = (
				0332EA081F0ED8D300DFCB6C /* Debug */,
				0332EA091F0ED8D300DFCB6C /* Release */,
			);
			defaultConfigurationIsVisible = 0;
			defaultConfigurationName = Release;
		};
/* End XCConfigurationList section */
	};
	rootObject = 0332E9DF1F0ED8D300DFCB6C /* Project object */;
}
